
Microsoft Visual Studio Solution File, Format Version 12.00
# Visual Studio Version 17
VisualStudioVersion = 17.14.36301.6 d17.14
MinimumVisualStudioVersion = 10.0.40219.1
Project("{FAE04EC0-301F-11D3-BF4B-00C04F79EFBC}") = "AlışkanlıkTakibi", "AlışkanlıkTakibi\AlışkanlıkTakibi.csproj", "{B7D7B0AA-D6A4-4C27-A7AB-2185FC704EC7}"
EndProject
Global
	GlobalSection(SolutionConfigurationPlatforms) = preSolution
		Debug|Any CPU = Debug|Any CPU
		Release|Any CPU = Release|Any CPU
	EndGlobalSection
	GlobalSection(ProjectConfigurationPlatforms) = postSolution
		{B7D7B0AA-D6A4-4C27-A7AB-2185FC704EC7}.Debug|Any CPU.ActiveCfg = Debug|Any CPU
		{B7D7B0AA-D6A4-4C27-A7AB-2185FC704EC7}.Debug|Any CPU.Build.0 = Debug|Any CPU
		{B7D7B0AA-D6A4-4C27-A7AB-2185FC704EC7}.Release|Any CPU.ActiveCfg = Release|Any CPU
		{B7D7B0AA-D6A4-4C27-A7AB-2185FC704EC7}.Release|Any CPU.Build.0 = Release|Any CPU
	EndGlobalSection
	GlobalSection(SolutionProperties) = preSolution
		HideSolutionNode = FALSE
	EndGlobalSection
	GlobalSection(ExtensibilityGlobals) = postSolution
		SolutionGuid = {1C8C6662-4A0B-4842-8236-C142488C61E0}
	EndGlobalSection
EndGlobal
