
Microsoft Visual Studio Solution File, Format Version 12.00
# Visual Studio Version 17
VisualStudioVersion = 17.14.36301.6 d17.14
MinimumVisualStudioVersion = 10.0.40219.1
Project("{FAE04EC0-301F-11D3-BF4B-00C04F79EFBC}") = "CA_1.gün", "CA_1.gün\CA_1.gün.csproj", "{C661CEC1-F9A5-4214-A081-1CCBB4E7AD72}"
EndProject
Global
	GlobalSection(SolutionConfigurationPlatforms) = preSolution
		Debug|Any CPU = Debug|Any CPU
		Release|Any CPU = Release|Any CPU
	EndGlobalSection
	GlobalSection(ProjectConfigurationPlatforms) = postSolution
		{C661CEC1-F9A5-4214-A081-1CCBB4E7AD72}.Debug|Any CPU.ActiveCfg = Debug|Any CPU
		{C661CEC1-F9A5-4214-A081-1CCBB4E7AD72}.Debug|Any CPU.Build.0 = Debug|Any CPU
		{C661CEC1-F9A5-4214-A081-1CCBB4E7AD72}.Release|Any CPU.ActiveCfg = Release|Any CPU
		{C661CEC1-F9A5-4214-A081-1CCBB4E7AD72}.Release|Any CPU.Build.0 = Release|Any CPU
	EndGlobalSection
	GlobalSection(SolutionProperties) = preSolution
		HideSolutionNode = FALSE
	EndGlobalSection
	GlobalSection(ExtensibilityGlobals) = postSolution
		SolutionGuid = {896823DA-3408-4E02-8EC2-7E8F1800D87C}
	EndGlobalSection
EndGlobal
