
Microsoft Visual Studio Solution File, Format Version 12.00
# Visual Studio Version 17
VisualStudioVersion = 17.14.36301.6 d17.14
MinimumVisualStudioVersion = 10.0.40219.1
Project("{FAE04EC0-301F-11D3-BF4B-00C04F79EFBC}") = "FitneesApp_AbstractFactory", "FitneesApp_AbstractFactory\FitneesApp_AbstractFactory.csproj", "{751922BB-9554-4D22-A648-1839515C521D}"
EndProject
Global
	GlobalSection(SolutionConfigurationPlatforms) = preSolution
		Debug|Any CPU = Debug|Any CPU
		Release|Any CPU = Release|Any CPU
	EndGlobalSection
	GlobalSection(ProjectConfigurationPlatforms) = postSolution
		{751922BB-9554-4D22-A648-1839515C521D}.Debug|Any CPU.ActiveCfg = Debug|Any CPU
		{751922BB-9554-4D22-A648-1839515C521D}.Debug|Any CPU.Build.0 = Debug|Any CPU
		{751922BB-9554-4D22-A648-1839515C521D}.Release|Any CPU.ActiveCfg = Release|Any CPU
		{751922BB-9554-4D22-A648-1839515C521D}.Release|Any CPU.Build.0 = Release|Any CPU
	EndGlobalSection
	GlobalSection(SolutionProperties) = preSolution
		HideSolutionNode = FALSE
	EndGlobalSection
	GlobalSection(ExtensibilityGlobals) = postSolution
		SolutionGuid = {A84B811C-9E4A-4211-BAF2-C2E05E29A572}
	EndGlobalSection
EndGlobal
